
Microsoft Visual Studio Solution File, Format Version 12.00
# Visual Studio 14
VisualStudioVersion = 14.0.23107.0
MinimumVisualStudioVersion = 10.0.40219.1
Project("{FAE04EC0-301F-11D3-BF4B-00C04F79EFBC}") = "RivicSystems_WcfServiceDemo", "RivicSystems_WcfServiceDemo\RivicSystems_WcfServiceDemo.csproj", "{70A5A4A1-994C-47A0-9891-46A5B57D4E35}"
EndProject
Project("{FAE04EC0-301F-11D3-BF4B-00C04F79EFBC}") = "WcfStudentHostApp", "WcfStudentHostApp\WcfStudentHostApp.csproj", "{E6C9362C-1E0B-4C86-82B7-2BB0999E0218}"
EndProject
Global
	GlobalSection(SolutionConfigurationPlatforms) = preSolution
		Debug|Any CPU = Debug|Any CPU
		Release|Any CPU = Release|Any CPU
	EndGlobalSection
	GlobalSection(ProjectConfigurationPlatforms) = postSolution
		{70A5A4A1-994C-47A0-9891-46A5B57D4E35}.Debug|Any CPU.ActiveCfg = Debug|Any CPU
		{70A5A4A1-994C-47A0-9891-46A5B57D4E35}.Debug|Any CPU.Build.0 = Debug|Any CPU
		{70A5A4A1-994C-47A0-9891-46A5B57D4E35}.Release|Any CPU.ActiveCfg = Release|Any CPU
		{70A5A4A1-994C-47A0-9891-46A5B57D4E35}.Release|Any CPU.Build.0 = Release|Any CPU
		{E6C9362C-1E0B-4C86-82B7-2BB0999E0218}.Debug|Any CPU.ActiveCfg = Debug|Any CPU
		{E6C9362C-1E0B-4C86-82B7-2BB0999E0218}.Debug|Any CPU.Build.0 = Debug|Any CPU
		{E6C9362C-1E0B-4C86-82B7-2BB0999E0218}.Release|Any CPU.ActiveCfg = Release|Any CPU
		{E6C9362C-1E0B-4C86-82B7-2BB0999E0218}.Release|Any CPU.Build.0 = Release|Any CPU
	EndGlobalSection
	GlobalSection(SolutionProperties) = preSolution
		HideSolutionNode = FALSE
	EndGlobalSection
EndGlobal
