
Microsoft Visual Studio Solution File, Format Version 12.00
# Visual Studio 14
VisualStudioVersion = 14.0.23107.0
MinimumVisualStudioVersion = 10.0.40219.1
Project("{FAE04EC0-301F-11D3-BF4B-00C04F79EFBC}") = "RivicSystems_AspNetSession4", "RivicSystems_AspNetSession4\RivicSystems_AspNetSession4.csproj", "{4CB3C5BB-220A-4EFE-8449-6AF98B3D046A}"
EndProject
Project("{FAE04EC0-301F-11D3-BF4B-00C04F79EFBC}") = "DemoCustomControl", "DemoCustomControl\DemoCustomControl.csproj", "{CEE2351E-57B4-456E-8DF8-6F3487551745}"
EndProject
Project("{FAE04EC0-301F-11D3-BF4B-00C04F79EFBC}") = "LinqClassLibrary", "LinqClassLibrary\LinqClassLibrary.csproj", "{BE3292E1-EAF2-4A4B-8A4A-E3F9D6CAC514}"
EndProject
Global
	GlobalSection(SolutionConfigurationPlatforms) = preSolution
		Debug|Any CPU = Debug|Any CPU
		Release|Any CPU = Release|Any CPU
	EndGlobalSection
	GlobalSection(ProjectConfigurationPlatforms) = postSolution
		{4CB3C5BB-220A-4EFE-8449-6AF98B3D046A}.Debug|Any CPU.ActiveCfg = Debug|Any CPU
		{4CB3C5BB-220A-4EFE-8449-6AF98B3D046A}.Debug|Any CPU.Build.0 = Debug|Any CPU
		{4CB3C5BB-220A-4EFE-8449-6AF98B3D046A}.Release|Any CPU.ActiveCfg = Release|Any CPU
		{4CB3C5BB-220A-4EFE-8449-6AF98B3D046A}.Release|Any CPU.Build.0 = Release|Any CPU
		{CEE2351E-57B4-456E-8DF8-6F3487551745}.Debug|Any CPU.ActiveCfg = Debug|Any CPU
		{CEE2351E-57B4-456E-8DF8-6F3487551745}.Debug|Any CPU.Build.0 = Debug|Any CPU
		{CEE2351E-57B4-456E-8DF8-6F3487551745}.Release|Any CPU.ActiveCfg = Release|Any CPU
		{CEE2351E-57B4-456E-8DF8-6F3487551745}.Release|Any CPU.Build.0 = Release|Any CPU
		{BE3292E1-EAF2-4A4B-8A4A-E3F9D6CAC514}.Debug|Any CPU.ActiveCfg = Debug|Any CPU
		{BE3292E1-EAF2-4A4B-8A4A-E3F9D6CAC514}.Debug|Any CPU.Build.0 = Debug|Any CPU
		{BE3292E1-EAF2-4A4B-8A4A-E3F9D6CAC514}.Release|Any CPU.ActiveCfg = Release|Any CPU
		{BE3292E1-EAF2-4A4B-8A4A-E3F9D6CAC514}.Release|Any CPU.Build.0 = Release|Any CPU
	EndGlobalSection
	GlobalSection(SolutionProperties) = preSolution
		HideSolutionNode = FALSE
	EndGlobalSection
EndGlobal
